<Solution>
  <Folder Name="/src/">
    <Project Path="src/AsterDock.Contracts/AsterDock.Contracts.csproj" />
    <Project Path="src/AsterDock.Host/AsterDock.Host.csproj" />
    <Project Path="src/AsterDock.NetworkElevatedHost/AsterDock.NetworkElevatedHost.csproj" />
    <Project Path="src/AndroidScreen.Module/AndroidScreen.Module.csproj" />
    <Project Path="src/DeviceInformation.Core/DeviceInformation.Core.csproj" />
    <Project Path="src/DeviceInformation.Module/DeviceInformation.Module.csproj" />
    <Project Path="src/Home.Module/Home.Module.csproj" />
    <Project Path="src/InvoicePrinter.Core/InvoicePrinter.Core.csproj" />
    <Project Path="src/InvoicePrinter.Module/InvoicePrinter.Module.csproj" />
    <Project Path="src/NetworkAccelerator.Core/NetworkAccelerator.Core.csproj" />
    <Project Path="src/NetworkAccelerator.Module/NetworkAccelerator.Module.csproj" />
  </Folder>
</Solution>
